
Microsoft Visual Studio Solution File, Format Version 12.00
# Visual Studio Version 17
VisualStudioVersion = 17.4.33213.308
MinimumVisualStudioVersion = 10.0.40219.1
Project("{FAE04EC0-301F-11D3-BF4B-00C04F79EFBC}") = "RestWithASPNETUdemy", "RestWithASPNETUdemy\RestWithASPNETUdemy.csproj", "{911F4861-5C04-48CB-BA9A-F19ABB5A47F2}"
EndProject
Global
	GlobalSection(SolutionConfigurationPlatforms) = preSolution
		Debug|Any CPU = Debug|Any CPU
		Release|Any CPU = Release|Any CPU
	EndGlobalSection
	GlobalSection(ProjectConfigurationPlatforms) = postSolution
		{911F4861-5C04-48CB-BA9A-F19ABB5A47F2}.Debug|Any CPU.ActiveCfg = Debug|Any CPU
		{911F4861-5C04-48CB-BA9A-F19ABB5A47F2}.Debug|Any CPU.Build.0 = Debug|Any CPU
		{911F4861-5C04-48CB-BA9A-F19ABB5A47F2}.Release|Any CPU.ActiveCfg = Release|Any CPU
		{911F4861-5C04-48CB-BA9A-F19ABB5A47F2}.Release|Any CPU.Build.0 = Release|Any CPU
	EndGlobalSection
	GlobalSection(SolutionProperties) = preSolution
		HideSolutionNode = FALSE
	EndGlobalSection
	GlobalSection(ExtensibilityGlobals) = postSolution
		SolutionGuid = {8B1C12DE-1B7F-43E3-9E26-96D495AC6D46}
	EndGlobalSection
EndGlobal
