
Microsoft Visual Studio Solution File, Format Version 12.00
# Visual Studio Version 17
VisualStudioVersion = 17.4.33213.308
MinimumVisualStudioVersion = 10.0.40219.1
Project("{9A19103F-16F7-4668-BE54-9A1E7A4F7556}") = "RestWithASPNETUdemy", "RestWithASPNETUdemy.csproj", "{FFA18A4E-917B-4576-B45B-273DFDE9079A}"
EndProject
Global
	GlobalSection(SolutionConfigurationPlatforms) = preSolution
		Debug|Any CPU = Debug|Any CPU
		Release|Any CPU = Release|Any CPU
	EndGlobalSection
	GlobalSection(ProjectConfigurationPlatforms) = postSolution
		{FFA18A4E-917B-4576-B45B-273DFDE9079A}.Debug|Any CPU.ActiveCfg = Debug|Any CPU
		{FFA18A4E-917B-4576-B45B-273DFDE9079A}.Debug|Any CPU.Build.0 = Debug|Any CPU
		{FFA18A4E-917B-4576-B45B-273DFDE9079A}.Release|Any CPU.ActiveCfg = Release|Any CPU
		{FFA18A4E-917B-4576-B45B-273DFDE9079A}.Release|Any CPU.Build.0 = Release|Any CPU
	EndGlobalSection
	GlobalSection(SolutionProperties) = preSolution
		HideSolutionNode = FALSE
	EndGlobalSection
	GlobalSection(ExtensibilityGlobals) = postSolution
		SolutionGuid = {08710F49-EEB1-46AB-8443-D0D60C75E172}
	EndGlobalSection
EndGlobal
